// !$*UTF8*$!
{
	archiveVersion = 1;
	classes = {
	};
	objectVersion = 46;
	objects = {

/* Begin PBXBuildFile section */
		420638CA18FEE76300E9782E /* QuestionInputView.m in Sources */ = {isa = PBXBuildFile; fileRef = 420638C918FEE76300E9782E /* QuestionInputView.m */; };
		420638CD18FF017400E9782E /* QuestionScene.m in Sources */ = {isa = PBXBuildFile; fileRef = 420638CC18FF017400E9782E /* QuestionScene.m */; };
		4215EF9518CD121F00582AB6 /* ViewController.m in Sources */ = {isa = PBXBuildFile; fileRef = 4215EF9418CD121F00582AB6 /* ViewController.m */; };
		4215EF9818CD123500582AB6 /* MyScene.m in Sources */ = {isa = PBXBuildFile; fileRef = 4215EF9718CD123500582AB6 /* MyScene.m */; };
		4215EFAF18CD12B300582AB6 /* TapHand.png in Resources */ = {isa = PBXBuildFile; fileRef = 4215EF9918CD12B300582AB6 /* TapHand.png */; };
		4215EFB218CD12B300582AB6 /* BlueBackground.png in Resources */ = {isa = PBXBuildFile; fileRef = 4215EF9C18CD12B300582AB6 /* BlueBackground.png */; };
		4215EFB318CD12B300582AB6 /* Seaweed.png in Resources */ = {isa = PBXBuildFile; fileRef = 4215EF9D18CD12B300582AB6 /* Seaweed.png */; };
		4215EFB418CD12B300582AB6 /* Bubbles.png in Resources */ = {isa = PBXBuildFile; fileRef = 4215EF9E18CD12B300582AB6 /* Bubbles.png */; };
		4215EFB518CD12B300582AB6 /* FacebookShare.png in Resources */ = {isa = PBXBuildFile; fileRef = 4215EF9F18CD12B300582AB6 /* FacebookShare.png */; };
		4215EFB618CD12B300582AB6 /* Fish1Small.png in Resources */ = {isa = PBXBuildFile; fileRef = 4215EFA018CD12B300582AB6 /* Fish1Small.png */; };
		4215EFB718CD12B300582AB6 /* Fish2Small.png in Resources */ = {isa = PBXBuildFile; fileRef = 4215EFA118CD12B300582AB6 /* Fish2Small.png */; };
		4215EFB818CD12B300582AB6 /* InflateSound.wav in Resources */ = {isa = PBXBuildFile; fileRef = 4215EFA218CD12B300582AB6 /* InflateSound.wav */; };
		4215EFB918CD12B300582AB6 /* DeflateSound.wav in Resources */ = {isa = PBXBuildFile; fileRef = 4215EFA318CD12B300582AB6 /* DeflateSound.wav */; };
		4215EFBA18CD12B300582AB6 /* HookBig.png in Resources */ = {isa = PBXBuildFile; fileRef = 4215EFA418CD12B300582AB6 /* HookBig.png */; };
		4215EFBB18CD12B300582AB6 /* dirt.png in Resources */ = {isa = PBXBuildFile; fileRef = 4215EFA518CD12B300582AB6 /* dirt.png */; };
		4215EFBC18CD12B300582AB6 /* LogBig.png in Resources */ = {isa = PBXBuildFile; fileRef = 4215EFA618CD12B300582AB6 /* LogBig.png */; };
		4215EFBD18CD12B300582AB6 /* FishDied.mp3 in Resources */ = {isa = PBXBuildFile; fileRef = 4215EFA718CD12B300582AB6 /* FishDied.mp3 */; };
		4215EFBE18CD12B300582AB6 /* NewHighScore.wav in Resources */ = {isa = PBXBuildFile; fileRef = 4215EFA818CD12B300582AB6 /* NewHighScore.wav */; };
		4215EFBF18CD12B300582AB6 /* fishmoving.wav in Resources */ = {isa = PBXBuildFile; fileRef = 4215EFA918CD12B300582AB6 /* fishmoving.wav */; };
		4215EFC018CD12B300582AB6 /* ThroughObstacle.wav in Resources */ = {isa = PBXBuildFile; fileRef = 4215EFAA18CD12B300582AB6 /* ThroughObstacle.wav */; };
		4215EFC118CD12B300582AB6 /* Deflated1Small.png in Resources */ = {isa = PBXBuildFile; fileRef = 4215EFAB18CD12B300582AB6 /* Deflated1Small.png */; };
		4215EFC218CD12B300582AB6 /* Deflated2Small.png in Resources */ = {isa = PBXBuildFile; fileRef = 4215EFAC18CD12B300582AB6 /* Deflated2Small.png */; };
		4215EFC318CD12B300582AB6 /* Inflated1Small.png in Resources */ = {isa = PBXBuildFile; fileRef = 4215EFAD18CD12B300582AB6 /* Inflated1Small.png */; };
		4215EFC418CD12B300582AB6 /* Inflated2Small.png in Resources */ = {isa = PBXBuildFile; fileRef = 4215EFAE18CD12B300582AB6 /* Inflated2Small.png */; };
		4215EFC818CD131600582AB6 /* iAd.framework in Frameworks */ = {isa = PBXBuildFile; fileRef = 4215EFC718CD131600582AB6 /* iAd.framework */; };
		4215EFCE18CD174300582AB6 /* hookcopy.png in Resources */ = {isa = PBXBuildFile; fileRef = 4215EFCD18CD174300582AB6 /* hookcopy.png */; };
		4215EFD018CD1C1A00582AB6 /* blackheader.png in Resources */ = {isa = PBXBuildFile; fileRef = 4215EFCF18CD1C1A00582AB6 /* blackheader.png */; };
		4215EFD218CD202300582AB6 /* GameOverMenu.png in Resources */ = {isa = PBXBuildFile; fileRef = 4215EFD118CD202300582AB6 /* GameOverMenu.png */; };
		4215EFD418CD202E00582AB6 /* PlayAgainButton.png in Resources */ = {isa = PBXBuildFile; fileRef = 4215EFD318CD202E00582AB6 /* PlayAgainButton.png */; };
		4215EFD618CD203400582AB6 /* ShareButton.png in Resources */ = {isa = PBXBuildFile; fileRef = 4215EFD518CD203400582AB6 /* ShareButton.png */; };
		4215EFD818CD22F700582AB6 /* Star.png in Resources */ = {isa = PBXBuildFile; fileRef = 4215EFD718CD22F600582AB6 /* Star.png */; };
		42654A0A18DCBE3E00FD318A /* Hook.png in Resources */ = {isa = PBXBuildFile; fileRef = 42654A0918DCBE3E00FD318A /* Hook.png */; };
		428738CF18DE2C6B00E7F270 /* RateButton.png in Resources */ = {isa = PBXBuildFile; fileRef = 428738CE18DE2C6B00E7F270 /* RateButton.png */; };
		42B6EF4D18C140E7007987DC /* Foundation.framework in Frameworks */ = {isa = PBXBuildFile; fileRef = 42B6EF4C18C140E7007987DC /* Foundation.framework */; };
		42B6EF4F18C140E7007987DC /* CoreGraphics.framework in Frameworks */ = {isa = PBXBuildFile; fileRef = 42B6EF4E18C140E7007987DC /* CoreGraphics.framework */; };
		42B6EF5118C140E7007987DC /* UIKit.framework in Frameworks */ = {isa = PBXBuildFile; fileRef = 42B6EF5018C140E7007987DC /* UIKit.framework */; };
		42B6EF5318C140E7007987DC /* SpriteKit.framework in Frameworks */ = {isa = PBXBuildFile; fileRef = 42B6EF5218C140E7007987DC /* SpriteKit.framework */; };
		42B6EF5918C140E7007987DC /* InfoPlist.strings in Resources */ = {isa = PBXBuildFile; fileRef = 42B6EF5718C140E7007987DC /* InfoPlist.strings */; };
		42B6EF5B18C140E7007987DC /* main.m in Sources */ = {isa = PBXBuildFile; fileRef = 42B6EF5A18C140E7007987DC /* main.m */; };
		42B6EF5F18C140E7007987DC /* AppDelegate.m in Sources */ = {isa = PBXBuildFile; fileRef = 42B6EF5E18C140E7007987DC /* AppDelegate.m */; };
		42B6EF6218C140E7007987DC /* Main.storyboard in Resources */ = {isa = PBXBuildFile; fileRef = 42B6EF6018C140E7007987DC /* Main.storyboard */; };
		42B6EF6C18C140E7007987DC /* Images.xcassets in Resources */ = {isa = PBXBuildFile; fileRef = 42B6EF6B18C140E7007987DC /* Images.xcassets */; };
		42B6EF7318C140E7007987DC /* XCTest.framework in Frameworks */ = {isa = PBXBuildFile; fileRef = 42B6EF7218C140E7007987DC /* XCTest.framework */; };
		42B6EF7418C140E7007987DC /* Foundation.framework in Frameworks */ = {isa = PBXBuildFile; fileRef = 42B6EF4C18C140E7007987DC /* Foundation.framework */; };
		42B6EF7518C140E7007987DC /* UIKit.framework in Frameworks */ = {isa = PBXBuildFile; fileRef = 42B6EF5018C140E7007987DC /* UIKit.framework */; };
		42B6EF7D18C140E7007987DC /* InfoPlist.strings in Resources */ = {isa = PBXBuildFile; fileRef = 42B6EF7B18C140E7007987DC /* InfoPlist.strings */; };
		42B6EF7F18C140E7007987DC /* Business_BassTests.m in Sources */ = {isa = PBXBuildFile; fileRef = 42B6EF7E18C140E7007987DC /* Business_BassTests.m */; };
		42BE1AE318D387C200C23068 /* AnswerButton.png in Resources */ = {isa = PBXBuildFile; fileRef = 42BE1AE218D387C200C23068 /* AnswerButton.png */; };
		42EC78BB18C678CC00598FE2 /* Social.framework in Frameworks */ = {isa = PBXBuildFile; fileRef = 42EC78BA18C678CC00598FE2 /* Social.framework */; };
/* End PBXBuildFile section */

/* Begin PBXContainerItemProxy section */
		42B6EF7618C140E7007987DC /* PBXContainerItemProxy */ = {
			isa = PBXContainerItemProxy;
			containerPortal = 42B6EF4118C140E7007987DC /* Project object */;
			proxyType = 1;
			remoteGlobalIDString = 42B6EF4818C140E7007987DC;
			remoteInfo = "Business Bass";
		};
/* End PBXContainerItemProxy section */

/* Begin PBXFileReference section */
		420638C818FEE76300E9782E /* QuestionInputView.h */ = {isa = PBXFileReference; fileEncoding = 4; lastKnownFileType = sourcecode.c.h; path = QuestionInputView.h; sourceTree = "<group>"; };
		420638C918FEE76300E9782E /* QuestionInputView.m */ = {isa = PBXFileReference; fileEncoding = 4; lastKnownFileType = sourcecode.c.objc; path = QuestionInputView.m; sourceTree = "<group>"; };
		420638CB18FF017400E9782E /* QuestionScene.h */ = {isa = PBXFileReference; fileEncoding = 4; lastKnownFileType = sourcecode.c.h; path = QuestionScene.h; sourceTree = "<group>"; };
		420638CC18FF017400E9782E /* QuestionScene.m */ = {isa = PBXFileReference; fileEncoding = 4; lastKnownFileType = sourcecode.c.objc; path = QuestionScene.m; sourceTree = "<group>"; };
		4215EF9318CD121F00582AB6 /* ViewController.h */ = {isa = PBXFileReference; fileEncoding = 4; lastKnownFileType = sourcecode.c.h; path = ViewController.h; sourceTree = "<group>"; };
		4215EF9418CD121F00582AB6 /* ViewController.m */ = {isa = PBXFileReference; fileEncoding = 4; lastKnownFileType = sourcecode.c.objc; path = ViewController.m; sourceTree = "<group>"; };
		4215EF9618CD123500582AB6 /* MyScene.h */ = {isa = PBXFileReference; fileEncoding = 4; lastKnownFileType = sourcecode.c.h; path = MyScene.h; sourceTree = "<group>"; };
		4215EF9718CD123500582AB6 /* MyScene.m */ = {isa = PBXFileReference; fileEncoding = 4; lastKnownFileType = sourcecode.c.objc; path = MyScene.m; sourceTree = "<group>"; };
		4215EF9918CD12B300582AB6 /* TapHand.png */ = {isa = PBXFileReference; lastKnownFileType = image.png; path = TapHand.png; sourceTree = "<group>"; };
		4215EF9C18CD12B300582AB6 /* BlueBackground.png */ = {isa = PBXFileReference; lastKnownFileType = image.png; path = BlueBackground.png; sourceTree = "<group>"; };
		4215EF9D18CD12B300582AB6 /* Seaweed.png */ = {isa = PBXFileReference; lastKnownFileType = image.png; path = Seaweed.png; sourceTree = "<group>"; };
		4215EF9E18CD12B300582AB6 /* Bubbles.png */ = {isa = PBXFileReference; lastKnownFileType = image.png; path = Bubbles.png; sourceTree = "<group>"; };
		4215EF9F18CD12B300582AB6 /* FacebookShare.png */ = {isa = PBXFileReference; lastKnownFileType = image.png; path = FacebookShare.png; sourceTree = "<group>"; };
		4215EFA018CD12B300582AB6 /* Fish1Small.png */ = {isa = PBXFileReference; lastKnownFileType = image.png; path = Fish1Small.png; sourceTree = "<group>"; };
		4215EFA118CD12B300582AB6 /* Fish2Small.png */ = {isa = PBXFileReference; lastKnownFileType = image.png; path = Fish2Small.png; sourceTree = "<group>"; };
		4215EFA218CD12B300582AB6 /* InflateSound.wav */ = {isa = PBXFileReference; lastKnownFileType = audio.wav; path = InflateSound.wav; sourceTree = "<group>"; };
		4215EFA318CD12B300582AB6 /* DeflateSound.wav */ = {isa = PBXFileReference; lastKnownFileType = audio.wav; path = DeflateSound.wav; sourceTree = "<group>"; };
		4215EFA418CD12B300582AB6 /* HookBig.png */ = {isa = PBXFileReference; lastKnownFileType = image.png; path = HookBig.png; sourceTree = "<group>"; };
		4215EFA518CD12B300582AB6 /* dirt.png */ = {isa = PBXFileReference; lastKnownFileType = image.png; path = dirt.png; sourceTree = "<group>"; };
		4215EFA618CD12B300582AB6 /* LogBig.png */ = {isa = PBXFileReference; lastKnownFileType = image.png; path = LogBig.png; sourceTree = "<group>"; };
		4215EFA718CD12B300582AB6 /* FishDied.mp3 */ = {isa = PBXFileReference; lastKnownFileType = audio.mp3; path = FishDied.mp3; sourceTree = "<group>"; };
		4215EFA818CD12B300582AB6 /* NewHighScore.wav */ = {isa = PBXFileReference; lastKnownFileType = audio.wav; path = NewHighScore.wav; sourceTree = "<group>"; };
		4215EFA918CD12B300582AB6 /* fishmoving.wav */ = {isa = PBXFileReference; lastKnownFileType = audio.wav; path = fishmoving.wav; sourceTree = "<group>"; };
		4215EFAA18CD12B300582AB6 /* ThroughObstacle.wav */ = {isa = PBXFileReference; lastKnownFileType = audio.wav; path = ThroughObstacle.wav; sourceTree = "<group>"; };
		4215EFAB18CD12B300582AB6 /* Deflated1Small.png */ = {isa = PBXFileReference; lastKnownFileType = image.png; path = Deflated1Small.png; sourceTree = "<group>"; };
		4215EFAC18CD12B300582AB6 /* Deflated2Small.png */ = {isa = PBXFileReference; lastKnownFileType = image.png; path = Deflated2Small.png; sourceTree = "<group>"; };
		4215EFAD18CD12B300582AB6 /* Inflated1Small.png */ = {isa = PBXFileReference; lastKnownFileType = image.png; path = Inflated1Small.png; sourceTree = "<group>"; };
		4215EFAE18CD12B300582AB6 /* Inflated2Small.png */ = {isa = PBXFileReference; lastKnownFileType = image.png; path = Inflated2Small.png; sourceTree = "<group>"; };
		4215EFC618CD12DD00582AB6 /* en */ = {isa = PBXFileReference; lastKnownFileType = text.plist.strings; name = en; path = en.lproj/Main.strings; sourceTree = "<group>"; };
		4215EFC718CD131600582AB6 /* iAd.framework */ = {isa = PBXFileReference; lastKnownFileType = wrapper.framework; name = iAd.framework; path = System/Library/Frameworks/iAd.framework; sourceTree = SDKROOT; };
		4215EFCD18CD174300582AB6 /* hookcopy.png */ = {isa = PBXFileReference; lastKnownFileType = image.png; path = hookcopy.png; sourceTree = "<group>"; };
		4215EFCF18CD1C1A00582AB6 /* blackheader.png */ = {isa = PBXFileReference; lastKnownFileType = image.png; path = blackheader.png; sourceTree = "<group>"; };
		4215EFD118CD202300582AB6 /* GameOverMenu.png */ = {isa = PBXFileReference; lastKnownFileType = image.png; path = GameOverMenu.png; sourceTree = "<group>"; };
		4215EFD318CD202E00582AB6 /* PlayAgainButton.png */ = {isa = PBXFileReference; lastKnownFileType = image.png; path = PlayAgainButton.png; sourceTree = "<group>"; };
		4215EFD518CD203400582AB6 /* ShareButton.png */ = {isa = PBXFileReference; lastKnownFileType = image.png; path = ShareButton.png; sourceTree = "<group>"; };
		4215EFD718CD22F600582AB6 /* Star.png */ = {isa = PBXFileReference; lastKnownFileType = image.png; path = Star.png; sourceTree = "<group>"; };
		42654A0918DCBE3E00FD318A /* Hook.png */ = {isa = PBXFileReference; lastKnownFileType = image.png; path = Hook.png; sourceTree = "<group>"; };
		428738CE18DE2C6B00E7F270 /* RateButton.png */ = {isa = PBXFileReference; lastKnownFileType = image.png; path = RateButton.png; sourceTree = "<group>"; };
		42B6EF4918C140E7007987DC /* Puffer.app */ = {isa = PBXFileReference; explicitFileType = wrapper.application; includeInIndex = 0; path = Puffer.app; sourceTree = BUILT_PRODUCTS_DIR; };
		42B6EF4C18C140E7007987DC /* Foundation.framework */ = {isa = PBXFileReference; lastKnownFileType = wrapper.framework; name = Foundation.framework; path = System/Library/Frameworks/Foundation.framework; sourceTree = SDKROOT; };
		42B6EF4E18C140E7007987DC /* CoreGraphics.framework */ = {isa = PBXFileReference; lastKnownFileType = wrapper.framework; name = CoreGraphics.framework; path = System/Library/Frameworks/CoreGraphics.framework; sourceTree = SDKROOT; };
		42B6EF5018C140E7007987DC /* UIKit.framework */ = {isa = PBXFileReference; lastKnownFileType = wrapper.framework; name = UIKit.framework; path = System/Library/Frameworks/UIKit.framework; sourceTree = SDKROOT; };
		42B6EF5218C140E7007987DC /* SpriteKit.framework */ = {isa = PBXFileReference; lastKnownFileType = wrapper.framework; name = SpriteKit.framework; path = System/Library/Frameworks/SpriteKit.framework; sourceTree = SDKROOT; };
		42B6EF5618C140E7007987DC /* Puffer-Info.plist */ = {isa = PBXFileReference; lastKnownFileType = text.plist.xml; path = "Puffer-Info.plist"; sourceTree = "<group>"; };
		42B6EF5818C140E7007987DC /* en */ = {isa = PBXFileReference; lastKnownFileType = text.plist.strings; name = en; path = en.lproj/InfoPlist.strings; sourceTree = "<group>"; };
		42B6EF5A18C140E7007987DC /* main.m */ = {isa = PBXFileReference; lastKnownFileType = sourcecode.c.objc; path = main.m; sourceTree = "<group>"; };
		42B6EF5C18C140E7007987DC /* Puffer-Prefix.pch */ = {isa = PBXFileReference; lastKnownFileType = sourcecode.c.h; path = "Puffer-Prefix.pch"; sourceTree = "<group>"; };
		42B6EF5D18C140E7007987DC /* AppDelegate.h */ = {isa = PBXFileReference; lastKnownFileType = sourcecode.c.h; path = AppDelegate.h; sourceTree = "<group>"; };
		42B6EF5E18C140E7007987DC /* AppDelegate.m */ = {isa = PBXFileReference; lastKnownFileType = sourcecode.c.objc; path = AppDelegate.m; sourceTree = "<group>"; };
		42B6EF6118C140E7007987DC /* Base */ = {isa = PBXFileReference; lastKnownFileType = file.storyboard; name = Base; path = Base.lproj/Main.storyboard; sourceTree = "<group>"; };
		42B6EF6B18C140E7007987DC /* Images.xcassets */ = {isa = PBXFileReference; lastKnownFileType = folder.assetcatalog; path = Images.xcassets; sourceTree = "<group>"; };
		42B6EF7118C140E7007987DC /* PufferTests.xctest */ = {isa = PBXFileReference; explicitFileType = wrapper.cfbundle; includeInIndex = 0; path = PufferTests.xctest; sourceTree = BUILT_PRODUCTS_DIR; };
		42B6EF7218C140E7007987DC /* XCTest.framework */ = {isa = PBXFileReference; lastKnownFileType = wrapper.framework; name = XCTest.framework; path = Library/Frameworks/XCTest.framework; sourceTree = DEVELOPER_DIR; };
		42B6EF7A18C140E7007987DC /* PufferTests-Info.plist */ = {isa = PBXFileReference; lastKnownFileType = text.plist.xml; path = "PufferTests-Info.plist"; sourceTree = "<group>"; };
		42B6EF7C18C140E7007987DC /* en */ = {isa = PBXFileReference; lastKnownFileType = text.plist.strings; name = en; path = en.lproj/InfoPlist.strings; sourceTree = "<group>"; };
		42B6EF7E18C140E7007987DC /* Business_BassTests.m */ = {isa = PBXFileReference; lastKnownFileType = sourcecode.c.objc; path = Business_BassTests.m; sourceTree = "<group>"; };
		42BE1AE218D387C200C23068 /* AnswerButton.png */ = {isa = PBXFileReference; lastKnownFileType = image.png; path = AnswerButton.png; sourceTree = "<group>"; };
		42EC78BA18C678CC00598FE2 /* Social.framework */ = {isa = PBXFileReference; lastKnownFileType = wrapper.framework; name = Social.framework; path = System/Library/Frameworks/Social.framework; sourceTree = SDKROOT; };
/* End PBXFileReference section */

/* Begin PBXFrameworksBuildPhase section */
		42B6EF4618C140E7007987DC /* Frameworks */ = {
			isa = PBXFrameworksBuildPhase;
			buildActionMask = 2147483647;
			files = (
				4215EFC818CD131600582AB6 /* iAd.framework in Frameworks */,
				42EC78BB18C678CC00598FE2 /* Social.framework in Frameworks */,
				42B6EF4F18C140E7007987DC /* CoreGraphics.framework in Frameworks */,
				42B6EF5118C140E7007987DC /* UIKit.framework in Frameworks */,
				42B6EF5318C140E7007987DC /* SpriteKit.framework in Frameworks */,
				42B6EF4D18C140E7007987DC /* Foundation.framework in Frameworks */,
			);
			runOnlyForDeploymentPostprocessing = 0;
		};
		42B6EF6E18C140E7007987DC /* Frameworks */ = {
			isa = PBXFrameworksBuildPhase;
			buildActionMask = 2147483647;
			files = (
				42B6EF7318C140E7007987DC /* XCTest.framework in Frameworks */,
				42B6EF7518C140E7007987DC /* UIKit.framework in Frameworks */,
				42B6EF7418C140E7007987DC /* Foundation.framework in Frameworks */,
			);
			runOnlyForDeploymentPostprocessing = 0;
		};
/* End PBXFrameworksBuildPhase section */

/* Begin PBXGroup section */
		42B6EF4018C140E7007987DC = {
			isa = PBXGroup;
			children = (
				42B6EF5418C140E7007987DC /* Puffer */,
				42B6EF7818C140E7007987DC /* Business BassTests */,
				42B6EF4B18C140E7007987DC /* Frameworks */,
				42B6EF4A18C140E7007987DC /* Products */,
			);
			sourceTree = "<group>";
		};
		42B6EF4A18C140E7007987DC /* Products */ = {
			isa = PBXGroup;
			children = (
				42B6EF4918C140E7007987DC /* Puffer.app */,
				42B6EF7118C140E7007987DC /* PufferTests.xctest */,
			);
			name = Products;
			sourceTree = "<group>";
		};
		42B6EF4B18C140E7007987DC /* Frameworks */ = {
			isa = PBXGroup;
			children = (
				4215EFC718CD131600582AB6 /* iAd.framework */,
				42EC78BA18C678CC00598FE2 /* Social.framework */,
				42B6EF4C18C140E7007987DC /* Foundation.framework */,
				42B6EF4E18C140E7007987DC /* CoreGraphics.framework */,
				42B6EF5018C140E7007987DC /* UIKit.framework */,
				42B6EF5218C140E7007987DC /* SpriteKit.framework */,
				42B6EF7218C140E7007987DC /* XCTest.framework */,
			);
			name = Frameworks;
			sourceTree = "<group>";
		};
		42B6EF5418C140E7007987DC /* Puffer */ = {
			isa = PBXGroup;
			children = (
				42B6EF5D18C140E7007987DC /* AppDelegate.h */,
				42B6EF5E18C140E7007987DC /* AppDelegate.m */,
				4215EF9318CD121F00582AB6 /* ViewController.h */,
				4215EF9418CD121F00582AB6 /* ViewController.m */,
				420638C818FEE76300E9782E /* QuestionInputView.h */,
				420638C918FEE76300E9782E /* QuestionInputView.m */,
				42BE1AE218D387C200C23068 /* AnswerButton.png */,
				4215EF9618CD123500582AB6 /* MyScene.h */,
				4215EF9718CD123500582AB6 /* MyScene.m */,
				420638CB18FF017400E9782E /* QuestionScene.h */,
				420638CC18FF017400E9782E /* QuestionScene.m */,
				42B6EF6018C140E7007987DC /* Main.storyboard */,
				4215EFD718CD22F600582AB6 /* Star.png */,
				4215EF9918CD12B300582AB6 /* TapHand.png */,
				4215EFD318CD202E00582AB6 /* PlayAgainButton.png */,
				4215EFD118CD202300582AB6 /* GameOverMenu.png */,
				4215EF9C18CD12B300582AB6 /* BlueBackground.png */,
				4215EF9D18CD12B300582AB6 /* Seaweed.png */,
				4215EFD518CD203400582AB6 /* ShareButton.png */,
				428738CE18DE2C6B00E7F270 /* RateButton.png */,
				4215EF9E18CD12B300582AB6 /* Bubbles.png */,
				4215EF9F18CD12B300582AB6 /* FacebookShare.png */,
				4215EFCF18CD1C1A00582AB6 /* blackheader.png */,
				4215EFA018CD12B300582AB6 /* Fish1Small.png */,
				4215EFA118CD12B300582AB6 /* Fish2Small.png */,
				4215EFA218CD12B300582AB6 /* InflateSound.wav */,
				4215EFA318CD12B300582AB6 /* DeflateSound.wav */,
				4215EFA418CD12B300582AB6 /* HookBig.png */,
				42654A0918DCBE3E00FD318A /* Hook.png */,
				4215EFCD18CD174300582AB6 /* hookcopy.png */,
				4215EFA518CD12B300582AB6 /* dirt.png */,
				4215EFA618CD12B300582AB6 /* LogBig.png */,
				4215EFA718CD12B300582AB6 /* FishDied.mp3 */,
				4215EFA818CD12B300582AB6 /* NewHighScore.wav */,
				4215EFA918CD12B300582AB6 /* fishmoving.wav */,
				4215EFAA18CD12B300582AB6 /* ThroughObstacle.wav */,
				4215EFAB18CD12B300582AB6 /* Deflated1Small.png */,
				4215EFAC18CD12B300582AB6 /* Deflated2Small.png */,
				4215EFAD18CD12B300582AB6 /* Inflated1Small.png */,
				4215EFAE18CD12B300582AB6 /* Inflated2Small.png */,
				42B6EF6B18C140E7007987DC /* Images.xcassets */,
				42B6EF5518C140E7007987DC /* Supporting Files */,
			);
			name = Puffer;
			path = "Business Bass";
			sourceTree = "<group>";
		};
		42B6EF5518C140E7007987DC /* Supporting Files */ = {
			isa = PBXGroup;
			children = (
				42B6EF5618C140E7007987DC /* Puffer-Info.plist */,
				42B6EF5718C140E7007987DC /* InfoPlist.strings */,
				42B6EF5A18C140E7007987DC /* main.m */,
				42B6EF5C18C140E7007987DC /* Puffer-Prefix.pch */,
			);
			name = "Supporting Files";
			sourceTree = "<group>";
		};
		42B6EF7818C140E7007987DC /* Business BassTests */ = {
			isa = PBXGroup;
			children = (
				42B6EF7E18C140E7007987DC /* Business_BassTests.m */,
				42B6EF7918C140E7007987DC /* Supporting Files */,
			);
			path = "Business BassTests";
			sourceTree = "<group>";
		};
		42B6EF7918C140E7007987DC /* Supporting Files */ = {
			isa = PBXGroup;
			children = (
				42B6EF7A18C140E7007987DC /* PufferTests-Info.plist */,
				42B6EF7B18C140E7007987DC /* InfoPlist.strings */,
			);
			name = "Supporting Files";
			sourceTree = "<group>";
		};
/* End PBXGroup section */

/* Begin PBXNativeTarget section */
		42B6EF4818C140E7007987DC /* Puffer */ = {
			isa = PBXNativeTarget;
			buildConfigurationList = 42B6EF8218C140E7007987DC /* Build configuration list for PBXNativeTarget "Puffer" */;
			buildPhases = (
				42B6EF4518C140E7007987DC /* Sources */,
				42B6EF4618C140E7007987DC /* Frameworks */,
				42B6EF4718C140E7007987DC /* Resources */,
			);
			buildRules = (
			);
			dependencies = (
			);
			name = Puffer;
			productName = "Business Bass";
			productReference = 42B6EF4918C140E7007987DC /* Puffer.app */;
			productType = "com.apple.product-type.application";
		};
		42B6EF7018C140E7007987DC /* PufferTests */ = {
			isa = PBXNativeTarget;
			buildConfigurationList = 42B6EF8518C140E7007987DC /* Build configuration list for PBXNativeTarget "PufferTests" */;
			buildPhases = (
				42B6EF6D18C140E7007987DC /* Sources */,
				42B6EF6E18C140E7007987DC /* Frameworks */,
				42B6EF6F18C140E7007987DC /* Resources */,
			);
			buildRules = (
			);
			dependencies = (
				42B6EF7718C140E7007987DC /* PBXTargetDependency */,
			);
			name = PufferTests;
			productName = "Business BassTests";
			productReference = 42B6EF7118C140E7007987DC /* PufferTests.xctest */;
			productType = "com.apple.product-type.bundle.unit-test";
		};
/* End PBXNativeTarget section */

/* Begin PBXProject section */
		42B6EF4118C140E7007987DC /* Project object */ = {
			isa = PBXProject;
			attributes = {
				LastUpgradeCheck = 0510;
				ORGANIZATIONNAME = "Colby Conkling";
				TargetAttributes = {
					42B6EF4818C140E7007987DC = {
						DevelopmentTeam = T56E4F8SP7;
					};
					42B6EF7018C140E7007987DC = {
						TestTargetID = 42B6EF4818C140E7007987DC;
					};
				};
			};
			buildConfigurationList = 42B6EF4418C140E7007987DC /* Build configuration list for PBXProject "Puffer" */;
			compatibilityVersion = "Xcode 3.2";
			developmentRegion = English;
			hasScannedForEncodings = 0;
			knownRegions = (
				en,
				Base,
			);
			mainGroup = 42B6EF4018C140E7007987DC;
			productRefGroup = 42B6EF4A18C140E7007987DC /* Products */;
			projectDirPath = "";
			projectRoot = "";
			targets = (
				42B6EF4818C140E7007987DC /* Puffer */,
				42B6EF7018C140E7007987DC /* PufferTests */,
			);
		};
/* End PBXProject section */

/* Begin PBXResourcesBuildPhase section */
		42B6EF4718C140E7007987DC /* Resources */ = {
			isa = PBXResourcesBuildPhase;
			buildActionMask = 2147483647;
			files = (
				4215EFB618CD12B300582AB6 /* Fish1Small.png in Resources */,
				4215EFC418CD12B300582AB6 /* Inflated2Small.png in Resources */,
				42B6EF5918C140E7007987DC /* InfoPlist.strings in Resources */,
				4215EFD018CD1C1A00582AB6 /* blackheader.png in Resources */,
				42B6EF6C18C140E7007987DC /* Images.xcassets in Resources */,
				4215EFB218CD12B300582AB6 /* BlueBackground.png in Resources */,
				4215EFCE18CD174300582AB6 /* hookcopy.png in Resources */,
				4215EFB418CD12B300582AB6 /* Bubbles.png in Resources */,
				4215EFC318CD12B300582AB6 /* Inflated1Small.png in Resources */,
				428738CF18DE2C6B00E7F270 /* RateButton.png in Resources */,
				42654A0A18DCBE3E00FD318A /* Hook.png in Resources */,
				4215EFD818CD22F700582AB6 /* Star.png in Resources */,
				4215EFD618CD203400582AB6 /* ShareButton.png in Resources */,
				4215EFC018CD12B300582AB6 /* ThroughObstacle.wav in Resources */,
				4215EFBC18CD12B300582AB6 /* LogBig.png in Resources */,
				4215EFB718CD12B300582AB6 /* Fish2Small.png in Resources */,
				4215EFBD18CD12B300582AB6 /* FishDied.mp3 in Resources */,
				4215EFB318CD12B300582AB6 /* Seaweed.png in Resources */,
				4215EFD218CD202300582AB6 /* GameOverMenu.png in Resources */,
				4215EFC218CD12B300582AB6 /* Deflated2Small.png in Resources */,
				4215EFB918CD12B300582AB6 /* DeflateSound.wav in Resources */,
				4215EFB818CD12B300582AB6 /* InflateSound.wav in Resources */,
				4215EFBE18CD12B300582AB6 /* NewHighScore.wav in Resources */,
				4215EFB518CD12B300582AB6 /* FacebookShare.png in Resources */,
				4215EFAF18CD12B300582AB6 /* TapHand.png in Resources */,
				4215EFBF18CD12B300582AB6 /* fishmoving.wav in Resources */,
				4215EFC118CD12B300582AB6 /* Deflated1Small.png in Resources */,
				42B6EF6218C140E7007987DC /* Main.storyboard in Resources */,
				4215EFBB18CD12B300582AB6 /* dirt.png in Resources */,
				42BE1AE318D387C200C23068 /* AnswerButton.png in Resources */,
				4215EFD418CD202E00582AB6 /* PlayAgainButton.png in Resources */,
				4215EFBA18CD12B300582AB6 /* HookBig.png in Resources */,
			);
			runOnlyForDeploymentPostprocessing = 0;
		};
		42B6EF6F18C140E7007987DC /* Resources */ = {
			isa = PBXResourcesBuildPhase;
			buildActionMask = 2147483647;
			files = (
				42B6EF7D18C140E7007987DC /* InfoPlist.strings in Resources */,
			);
			runOnlyForDeploymentPostprocessing = 0;
		};
/* End PBXResourcesBuildPhase section */

/* Begin PBXSourcesBuildPhase section */
		42B6EF4518C140E7007987DC /* Sources */ = {
			isa = PBXSourcesBuildPhase;
			buildActionMask = 2147483647;
			files = (
				4215EF9818CD123500582AB6 /* MyScene.m in Sources */,
				420638CA18FEE76300E9782E /* QuestionInputView.m in Sources */,
				42B6EF5F18C140E7007987DC /* AppDelegate.m in Sources */,
				4215EF9518CD121F00582AB6 /* ViewController.m in Sources */,
				420638CD18FF017400E9782E /* QuestionScene.m in Sources */,
				42B6EF5B18C140E7007987DC /* main.m in Sources */,
			);
			runOnlyForDeploymentPostprocessing = 0;
		};
		42B6EF6D18C140E7007987DC /* Sources */ = {
			isa = PBXSourcesBuildPhase;
			buildActionMask = 2147483647;
			files = (
				42B6EF7F18C140E7007987DC /* Business_BassTests.m in Sources */,
			);
			runOnlyForDeploymentPostprocessing = 0;
		};
/* End PBXSourcesBuildPhase section */

/* Begin PBXTargetDependency section */
		42B6EF7718C140E7007987DC /* PBXTargetDependency */ = {
			isa = PBXTargetDependency;
			target = 42B6EF4818C140E7007987DC /* Puffer */;
			targetProxy = 42B6EF7618C140E7007987DC /* PBXContainerItemProxy */;
		};
/* End PBXTargetDependency section */

/* Begin PBXVariantGroup section */
		42B6EF5718C140E7007987DC /* InfoPlist.strings */ = {
			isa = PBXVariantGroup;
			children = (
				42B6EF5818C140E7007987DC /* en */,
			);
			name = InfoPlist.strings;
			sourceTree = "<group>";
		};
		42B6EF6018C140E7007987DC /* Main.storyboard */ = {
			isa = PBXVariantGroup;
			children = (
				42B6EF6118C140E7007987DC /* Base */,
				4215EFC618CD12DD00582AB6 /* en */,
			);
			name = Main.storyboard;
			sourceTree = "<group>";
		};
		42B6EF7B18C140E7007987DC /* InfoPlist.strings */ = {
			isa = PBXVariantGroup;
			children = (
				42B6EF7C18C140E7007987DC /* en */,
			);
			name = InfoPlist.strings;
			sourceTree = "<group>";
		};
/* End PBXVariantGroup section */

/* Begin XCBuildConfiguration section */
		42B6EF8018C140E7007987DC /* Debug */ = {
			isa = XCBuildConfiguration;
			buildSettings = {
				ALWAYS_SEARCH_USER_PATHS = NO;
				CLANG_CXX_LANGUAGE_STANDARD = "gnu++0x";
				CLANG_CXX_LIBRARY = "libc++";
				CLANG_ENABLE_MODULES = YES;
				CLANG_ENABLE_OBJC_ARC = YES;
				CLANG_WARN_BOOL_CONVERSION = YES;
				CLANG_WARN_CONSTANT_CONVERSION = YES;
				CLANG_WARN_DIRECT_OBJC_ISA_USAGE = YES_ERROR;
				CLANG_WARN_EMPTY_BODY = YES;
				CLANG_WARN_ENUM_CONVERSION = YES;
				CLANG_WARN_INT_CONVERSION = YES;
				CLANG_WARN_OBJC_ROOT_CLASS = YES_ERROR;
				CLANG_WARN__DUPLICATE_METHOD_MATCH = YES;
				CODE_SIGN_IDENTITY = "iPhone Developer: Colby Conkling (P87S6SSE9M)";
				"CODE_SIGN_IDENTITY[sdk=iphoneos*]" = "iPhone Developer: Colby Conkling (P87S6SSE9M)";
				COPY_PHASE_STRIP = NO;
				GCC_C_LANGUAGE_STANDARD = gnu99;
				GCC_DYNAMIC_NO_PIC = NO;
				GCC_OPTIMIZATION_LEVEL = 0;
				GCC_PREPROCESSOR_DEFINITIONS = (
					"DEBUG=1",
					"$(inherited)",
				);
				GCC_SYMBOLS_PRIVATE_EXTERN = NO;
				GCC_WARN_64_TO_32_BIT_CONVERSION = YES;
				GCC_WARN_ABOUT_RETURN_TYPE = YES_ERROR;
				GCC_WARN_UNDECLARED_SELECTOR = YES;
				GCC_WARN_UNINITIALIZED_AUTOS = YES;
				GCC_WARN_UNUSED_FUNCTION = YES;
				GCC_WARN_UNUSED_VARIABLE = YES;
				IPHONEOS_DEPLOYMENT_TARGET = 7.0;
				ONLY_ACTIVE_ARCH = YES;
				PROVISIONING_PROFILE = "F033A075-1D69-4161-9D21-D0CE47F01FF1";
				SDKROOT = iphoneos;
			};
			name = Debug;
		};
		42B6EF8118C140E7007987DC /* Release */ = {
			isa = XCBuildConfiguration;
			buildSettings = {
				ALWAYS_SEARCH_USER_PATHS = NO;
				CLANG_CXX_LANGUAGE_STANDARD = "gnu++0x";
				CLANG_CXX_LIBRARY = "libc++";
				CLANG_ENABLE_MODULES = YES;
				CLANG_ENABLE_OBJC_ARC = YES;
				CLANG_WARN_BOOL_CONVERSION = YES;
				CLANG_WARN_CONSTANT_CONVERSION = YES;
				CLANG_WARN_DIRECT_OBJC_ISA_USAGE = YES_ERROR;
				CLANG_WARN_EMPTY_BODY = YES;
				CLANG_WARN_ENUM_CONVERSION = YES;
				CLANG_WARN_INT_CONVERSION = YES;
				CLANG_WARN_OBJC_ROOT_CLASS = YES_ERROR;
				CLANG_WARN__DUPLICATE_METHOD_MATCH = YES;
				CODE_SIGN_IDENTITY = "iPhone Developer: Colby Conkling (P87S6SSE9M)";
				"CODE_SIGN_IDENTITY[sdk=iphoneos*]" = "iPhone Developer: Colby Conkling (P87S6SSE9M)";
				COPY_PHASE_STRIP = YES;
				ENABLE_NS_ASSERTIONS = NO;
				GCC_C_LANGUAGE_STANDARD = gnu99;
				GCC_WARN_64_TO_32_BIT_CONVERSION = YES;
				GCC_WARN_ABOUT_RETURN_TYPE = YES_ERROR;
				GCC_WARN_UNDECLARED_SELECTOR = YES;
				GCC_WARN_UNINITIALIZED_AUTOS = YES;
				GCC_WARN_UNUSED_FUNCTION = YES;
				GCC_WARN_UNUSED_VARIABLE = YES;
				IPHONEOS_DEPLOYMENT_TARGET = 7.0;
				PROVISIONING_PROFILE = "F033A075-1D69-4161-9D21-D0CE47F01FF1";
				SDKROOT = iphoneos;
				VALIDATE_PRODUCT = YES;
			};
			name = Release;
		};
		42B6EF8318C140E7007987DC /* Debug */ = {
			isa = XCBuildConfiguration;
			buildSettings = {
				ASSETCATALOG_COMPILER_APPICON_NAME = AppIcon;
				ASSETCATALOG_COMPILER_LAUNCHIMAGE_NAME = LaunchImage;
				CODE_SIGN_IDENTITY = "";
				"CODE_SIGN_IDENTITY[sdk=iphoneos*]" = "iPhone Developer: Colby Conkling (P87S6SSE9M)";
				GCC_PRECOMPILE_PREFIX_HEADER = YES;
				GCC_PREFIX_HEADER = "Business Bass/Puffer-Prefix.pch";
				INFOPLIST_FILE = "Business Bass/Puffer-Info.plist";
				IPHONEOS_DEPLOYMENT_TARGET = 7.0;
				PRODUCT_NAME = Puffer;
				PROVISIONING_PROFILE = "8BDA5FBC-C4DE-418E-8F53-8C9355DEC302";
				SDKROOT = iphoneos;
				SPRITEKIT_TEXTURE_ATLAS_OUTPUT = YES;
				TARGETED_DEVICE_FAMILY = 1;
				WRAPPER_EXTENSION = app;
			};
			name = Debug;
		};
		42B6EF8418C140E7007987DC /* Release */ = {
			isa = XCBuildConfiguration;
			buildSettings = {
				ASSETCATALOG_COMPILER_APPICON_NAME = AppIcon;
				ASSETCATALOG_COMPILER_LAUNCHIMAGE_NAME = LaunchImage;
				CODE_SIGN_IDENTITY = "iPhone Distribution: Colby Conkling (T56E4F8SP7)";
				"CODE_SIGN_IDENTITY[sdk=iphoneos*]" = "iPhone Distribution: Colby Conkling (T56E4F8SP7)";
				GCC_PRECOMPILE_PREFIX_HEADER = YES;
				GCC_PREFIX_HEADER = "Business Bass/Puffer-Prefix.pch";
				INFOPLIST_FILE = "Business Bass/Puffer-Info.plist";
				IPHONEOS_DEPLOYMENT_TARGET = 7.0;
				PRODUCT_NAME = Puffer;
				PROVISIONING_PROFILE = "8BDA5FBC-C4DE-418E-8F53-8C9355DEC302";
				SDKROOT = iphoneos;
				SPRITEKIT_TEXTURE_ATLAS_OUTPUT = YES;
				TARGETED_DEVICE_FAMILY = 1;
				WRAPPER_EXTENSION = app;
			};
			name = Release;
		};
		42B6EF8618C140E7007987DC /* Debug */ = {
			isa = XCBuildConfiguration;
			buildSettings = {
				BUNDLE_LOADER = "$(BUILT_PRODUCTS_DIR)/Business Bass.app/Business Bass";
				FRAMEWORK_SEARCH_PATHS = (
					"$(SDKROOT)/Developer/Library/Frameworks",
					"$(inherited)",
					"$(DEVELOPER_FRAMEWORKS_DIR)",
				);
				GCC_PRECOMPILE_PREFIX_HEADER = YES;
				GCC_PREFIX_HEADER = "Business Bass/Business Bass-Prefix.pch";
				GCC_PREPROCESSOR_DEFINITIONS = (
					"DEBUG=1",
					"$(inherited)",
				);
				INFOPLIST_FILE = "Business BassTests/PufferTests-Info.plist";
				PRODUCT_NAME = PufferTests;
				TEST_HOST = "$(BUNDLE_LOADER)";
				WRAPPER_EXTENSION = xctest;
			};
			name = Debug;
		};
		42B6EF8718C140E7007987DC /* Release */ = {
			isa = XCBuildConfiguration;
			buildSettings = {
				BUNDLE_LOADER = "$(BUILT_PRODUCTS_DIR)/Business Bass.app/Business Bass";
				FRAMEWORK_SEARCH_PATHS = (
					"$(SDKROOT)/Developer/Library/Frameworks",
					"$(inherited)",
					"$(DEVELOPER_FRAMEWORKS_DIR)",
				);
				GCC_PRECOMPILE_PREFIX_HEADER = YES;
				GCC_PREFIX_HEADER = "Business Bass/Business Bass-Prefix.pch";
				INFOPLIST_FILE = "Business BassTests/PufferTests-Info.plist";
				PRODUCT_NAME = PufferTests;
				TEST_HOST = "$(BUNDLE_LOADER)";
				WRAPPER_EXTENSION = xctest;
			};
			name = Release;
		};
/* End XCBuildConfiguration section */

/* Begin XCConfigurationList section */
		42B6EF4418C140E7007987DC /* Build configuration list for PBXProject "Puffer" */ = {
			isa = XCConfigurationList;
			buildConfigurations = (
				42B6EF8018C140E7007987DC /* Debug */,
				42B6EF8118C140E7007987DC /* Release */,
			);
			defaultConfigurationIsVisible = 0;
			defaultConfigurationName = Release;
		};
		42B6EF8218C140E7007987DC /* Build configuration list for PBXNativeTarget "Puffer" */ = {
			isa = XCConfigurationList;
			buildConfigurations = (
				42B6EF8318C140E7007987DC /* Debug */,
				42B6EF8418C140E7007987DC /* Release */,
			);
			defaultConfigurationIsVisible = 0;
			defaultConfigurationName = Release;
		};
		42B6EF8518C140E7007987DC /* Build configuration list for PBXNativeTarget "PufferTests" */ = {
			isa = XCConfigurationList;
			buildConfigurations = (
				42B6EF8618C140E7007987DC /* Debug */,
				42B6EF8718C140E7007987DC /* Release */,
			);
			defaultConfigurationIsVisible = 0;
			defaultConfigurationName = Release;
		};
/* End XCConfigurationList section */
	};
	rootObject = 42B6EF4118C140E7007987DC /* Project object */;
}
